Microsoft Visual Studio Solution File, Format Version 12.00
# Visual Studio Version 17
VisualStudioVersion = 17.5.2.0
MinimumVisualStudioVersion = 10.0.40219.1
Project("{FAE04EC0-301F-11D3-BF4B-00C04F79EFBC}") = "QuoteApi", "QuoteApi\QuoteApi.csproj", "{740FC818-DDBC-1C7A-8AE4-82B3D6F916AD}"
EndProject
Global
	GlobalSection(SolutionConfigurationPlatforms) = preSolution
		Debug|Any CPU = Debug|Any CPU
		Release|Any CPU = Release|Any CPU
	EndGlobalSection
	GlobalSection(ProjectConfigurationPlatforms) = postSolution
		{740FC818-DDBC-1C7A-8AE4-82B3D6F916AD}.Debug|Any CPU.ActiveCfg = Debug|Any CPU
		{740FC818-DDBC-1C7A-8AE4-82B3D6F916AD}.Debug|Any CPU.Build.0 = Debug|Any CPU
		{740FC818-DDBC-1C7A-8AE4-82B3D6F916AD}.Release|Any CPU.ActiveCfg = Release|Any CPU
		{740FC818-DDBC-1C7A-8AE4-82B3D6F916AD}.Release|Any CPU.Build.0 = Release|Any CPU
	EndGlobalSection
	GlobalSection(SolutionProperties) = preSolution
		HideSolutionNode = FALSE
	EndGlobalSection
	GlobalSection(ExtensibilityGlobals) = postSolution
		SolutionGuid = {1C6DA040-4472-4394-B1BC-418DE0A0D334}
	EndGlobalSection
EndGlobal
